
Microsoft Visual Studio Solution File, Format Version 12.00
# Visual Studio 14
VisualStudioVersion = 14.0.23107.0
MinimumVisualStudioVersion = 10.0.40219.1
Project("{FAE04EC0-301F-11D3-BF4B-00C04F79EFBC}") = "Journal2API", "Journal2API\Journal2API.csproj", "{07B65648-B59E-4C7D-85BD-724033979597}"
EndProject
Project("{FAE04EC0-301F-11D3-BF4B-00C04F79EFBC}") = "Journal2API.Tests", "Journal2API.Tests\Journal2API.Tests.csproj", "{8EEFF3AD-74EB-4942-AD2D-581ED3B24505}"
EndProject
Global
	GlobalSection(SolutionConfigurationPlatforms) = preSolution
		Debug|Any CPU = Debug|Any CPU
		Release|Any CPU = Release|Any CPU
	EndGlobalSection
	GlobalSection(ProjectConfigurationPlatforms) = postSolution
		{07B65648-B59E-4C7D-85BD-724033979597}.Debug|Any CPU.ActiveCfg = Debug|Any CPU
		{07B65648-B59E-4C7D-85BD-724033979597}.Debug|Any CPU.Build.0 = Debug|Any CPU
		{07B65648-B59E-4C7D-85BD-724033979597}.Release|Any CPU.ActiveCfg = Release|Any CPU
		{07B65648-B59E-4C7D-85BD-724033979597}.Release|Any CPU.Build.0 = Release|Any CPU
		{8EEFF3AD-74EB-4942-AD2D-581ED3B24505}.Debug|Any CPU.ActiveCfg = Debug|Any CPU
		{8EEFF3AD-74EB-4942-AD2D-581ED3B24505}.Debug|Any CPU.Build.0 = Debug|Any CPU
		{8EEFF3AD-74EB-4942-AD2D-581ED3B24505}.Release|Any CPU.ActiveCfg = Release|Any CPU
		{8EEFF3AD-74EB-4942-AD2D-581ED3B24505}.Release|Any CPU.Build.0 = Release|Any CPU
	EndGlobalSection
	GlobalSection(SolutionProperties) = preSolution
		HideSolutionNode = FALSE
	EndGlobalSection
EndGlobal
